
Microsoft Visual Studio Solution File, Format Version 12.00
# Visual Studio 15
VisualStudioVersion = 15.0.28307.1000
MinimumVisualStudioVersion = 10.0.40219.1
Project("{FAE04EC0-301F-11D3-BF4B-00C04F79EFBC}") = "PICancel", "PICancel\PICancel.csproj", "{F3DFF9E6-237F-4147-A9C2-B2843F733DDB}"
EndProject
Global
	GlobalSection(SolutionConfigurationPlatforms) = preSolution
		Debug|Any CPU = Debug|Any CPU
		Release|Any CPU = Release|Any CPU
	EndGlobalSection
	GlobalSection(ProjectConfigurationPlatforms) = postSolution
		{F3DFF9E6-237F-4147-A9C2-B2843F733DDB}.Debug|Any CPU.ActiveCfg = Debug|Any CPU
		{F3DFF9E6-237F-4147-A9C2-B2843F733DDB}.Debug|Any CPU.Build.0 = Debug|Any CPU
		{F3DFF9E6-237F-4147-A9C2-B2843F733DDB}.Release|Any CPU.ActiveCfg = Release|Any CPU
		{F3DFF9E6-237F-4147-A9C2-B2843F733DDB}.Release|Any CPU.Build.0 = Release|Any CPU
	EndGlobalSection
	GlobalSection(SolutionProperties) = preSolution
		HideSolutionNode = FALSE
	EndGlobalSection
	GlobalSection(ExtensibilityGlobals) = postSolution
		SolutionGuid = {757BF200-D89B-48F8-91C8-81E68A64735C}
	EndGlobalSection
EndGlobal
